// !$*UTF8*$!
{
	archiveVersion = 1;
	classes = {
	};
	objectVersion = 51;
	objects = {

/* Begin PBXBuildFile section */
		37B0AB8B22B8D3E500C8BBF8 /* AppDelegate.swift in Sources */ = {isa = PBXBuildFile; fileRef = 37B0AB8A22B8D3E500C8BBF8 /* AppDelegate.swift */; };
		37B0AB8D22B8D3E500C8BBF8 /* ViewController.swift in Sources */ = {isa = PBXBuildFile; fileRef = 37B0AB8C22B8D3E500C8BBF8 /* ViewController.swift */; };
		37B0AB9022B8D3E500C8BBF8 /* Main.storyboard in Resources */ = {isa = PBXBuildFile; fileRef = 37B0AB8E22B8D3E500C8BBF8 /* Main.storyboard */; };
		37B0AB9222B8D3E700C8BBF8 /* Assets.xcassets in Resources */ = {isa = PBXBuildFile; fileRef = 37B0AB9122B8D3E700C8BBF8 /* Assets.xcassets */; };
		37B0AB9522B8D3E700C8BBF8 /* LaunchScreen.storyboard in Resources */ = {isa = PBXBuildFile; fileRef = 37B0AB9322B8D3E700C8BBF8 /* LaunchScreen.storyboard */; };
		37B0AB9E22B8D6ED00C8BBF8 /* chatimage1.png in Resources */ = {isa = PBXBuildFile; fileRef = 37B0AB9D22B8D6ED00C8BBF8 /* chatimage1.png */; };
		37B0ABA022B8E54000C8BBF8 /* FormCell.swift in Sources */ = {isa = PBXBuildFile; fileRef = 37B0AB9F22B8E54000C8BBF8 /* FormCell.swift */; };
		37B0ABA222B8F5A300C8BBF8 /* GoogleService-Info.plist in Resources */ = {isa = PBXBuildFile; fileRef = 37B0ABA122B8F5A300C8BBF8 /* GoogleService-Info.plist */; };
		37B0ABA422B9175300C8BBF8 /* RoomsViewController.swift in Sources */ = {isa = PBXBuildFile; fileRef = 37B0ABA322B9175300C8BBF8 /* RoomsViewController.swift */; };
		37DDD19222BA291A00F8069A /* Room.swift in Sources */ = {isa = PBXBuildFile; fileRef = 37DDD19122BA291A00F8069A /* Room.swift */; };
		37DDD19422BA3B5400F8069A /* ChatRoomViewController.swift in Sources */ = {isa = PBXBuildFile; fileRef = 37DDD19322BA3B5400F8069A /* ChatRoomViewController.swift */; };
		37DDD19822BA40E800F8069A /* SendIcon.png in Resources */ = {isa = PBXBuildFile; fileRef = 37DDD19722BA40E800F8069A /* SendIcon.png */; };
		37DDD19C22BA505C00F8069A /* back.png in Resources */ = {isa = PBXBuildFile; fileRef = 37DDD19B22BA505C00F8069A /* back.png */; };
		44B2533399653860C1B8A287 /* Pods_LIAOLIAO.framework in Frameworks */ = {isa = PBXBuildFile; fileRef = A0886E03298D2C0117279080 /* Pods_LIAOLIAO.framework */; };
/* End PBXBuildFile section */

/* Begin PBXFileReference section */
		0275472BF7156D9941D63991 /* Pods-LIAOLIAO.debug.xcconfig */ = {isa = PBXFileReference; includeInIndex = 1; lastKnownFileType = text.xcconfig; name = "Pods-LIAOLIAO.debug.xcconfig"; path = "Target Support Files/Pods-LIAOLIAO/Pods-LIAOLIAO.debug.xcconfig"; sourceTree = "<group>"; };
		37B0AB8722B8D3E500C8BBF8 /* LIAOLIAO.app */ = {isa = PBXFileReference; explicitFileType = wrapper.application; includeInIndex = 0; path = LIAOLIAO.app; sourceTree = BUILT_PRODUCTS_DIR; };
		37B0AB8A22B8D3E500C8BBF8 /* AppDelegate.swift */ = {isa = PBXFileReference; lastKnownFileType = sourcecode.swift; path = AppDelegate.swift; sourceTree = "<group>"; };
		37B0AB8C22B8D3E500C8BBF8 /* ViewController.swift */ = {isa = PBXFileReference; lastKnownFileType = sourcecode.swift; path = ViewController.swift; sourceTree = "<group>"; };
		37B0AB8F22B8D3E500C8BBF8 /* Base */ = {isa = PBXFileReference; lastKnownFileType = file.storyboard; name = Base; path = Base.lproj/Main.storyboard; sourceTree = "<group>"; };
		37B0AB9122B8D3E700C8BBF8 /* Assets.xcassets */ = {isa = PBXFileReference; lastKnownFileType = folder.assetcatalog; path = Assets.xcassets; sourceTree = "<group>"; };
		37B0AB9422B8D3E700C8BBF8 /* Base */ = {isa = PBXFileReference; lastKnownFileType = file.storyboard; name = Base; path = Base.lproj/LaunchScreen.storyboard; sourceTree = "<group>"; };
		37B0AB9622B8D3E700C8BBF8 /* Info.plist */ = {isa = PBXFileReference; lastKnownFileType = text.plist.xml; path = Info.plist; sourceTree = "<group>"; };
		37B0AB9D22B8D6ED00C8BBF8 /* chatimage1.png */ = {isa = PBXFileReference; lastKnownFileType = image.png; path = chatimage1.png; sourceTree = "<group>"; };
		37B0AB9F22B8E54000C8BBF8 /* FormCell.swift */ = {isa = PBXFileReference; lastKnownFileType = sourcecode.swift; path = FormCell.swift; sourceTree = "<group>"; };
		37B0ABA122B8F5A300C8BBF8 /* GoogleService-Info.plist */ = {isa = PBXFileReference; fileEncoding = 4; lastKnownFileType = text.plist.xml; path = "GoogleService-Info.plist"; sourceTree = "<group>"; };
		37B0ABA322B9175300C8BBF8 /* RoomsViewController.swift */ = {isa = PBXFileReference; lastKnownFileType = sourcecode.swift; path = RoomsViewController.swift; sourceTree = "<group>"; };
		37DDD19122BA291A00F8069A /* Room.swift */ = {isa = PBXFileReference; lastKnownFileType = sourcecode.swift; path = Room.swift; sourceTree = "<group>"; };
		37DDD19322BA3B5400F8069A /* ChatRoomViewController.swift */ = {isa = PBXFileReference; lastKnownFileType = sourcecode.swift; path = ChatRoomViewController.swift; sourceTree = "<group>"; };
		37DDD19722BA40E800F8069A /* SendIcon.png */ = {isa = PBXFileReference; lastKnownFileType = image.png; path = SendIcon.png; sourceTree = "<group>"; };
		37DDD19B22BA505C00F8069A /* back.png */ = {isa = PBXFileReference; lastKnownFileType = image.png; path = back.png; sourceTree = "<group>"; };
		A0886E03298D2C0117279080 /* Pods_LIAOLIAO.framework */ = {isa = PBXFileReference; explicitFileType = wrapper.framework; includeInIndex = 0; path = Pods_LIAOLIAO.framework; sourceTree = BUILT_PRODUCTS_DIR; };
		EF87F0749287865BD8C9C0AA /* Pods-LIAOLIAO.release.xcconfig */ = {isa = PBXFileReference; includeInIndex = 1; lastKnownFileType = text.xcconfig; name = "Pods-LIAOLIAO.release.xcconfig"; path = "Target Support Files/Pods-LIAOLIAO/Pods-LIAOLIAO.release.xcconfig"; sourceTree = "<group>"; };
/* End PBXFileReference section */

/* Begin PBXFrameworksBuildPhase section */
		37B0AB8422B8D3E500C8BBF8 /* Frameworks */ = {
			isa = PBXFrameworksBuildPhase;
			buildActionMask = 2147483647;
			files = (
				44B2533399653860C1B8A287 /* Pods_LIAOLIAO.framework in Frameworks */,
			);
			runOnlyForDeploymentPostprocessing = 0;
		};
/* End PBXFrameworksBuildPhase section */

/* Begin PBXGroup section */
		37B0AB7E22B8D3E500C8BBF8 = {
			isa = PBXGroup;
			children = (
				37B0AB8922B8D3E500C8BBF8 /* LIAOLIAO */,
				37B0AB8822B8D3E500C8BBF8 /* Products */,
				5859EE3F087DFB62887A3CDE /* Pods */,
				6D7B0D68DB54709A91B74370 /* Frameworks */,
			);
			sourceTree = "<group>";
		};
		37B0AB8822B8D3E500C8BBF8 /* Products */ = {
			isa = PBXGroup;
			children = (
				37B0AB8722B8D3E500C8BBF8 /* LIAOLIAO.app */,
			);
			name = Products;
			sourceTree = "<group>";
		};
		37B0AB8922B8D3E500C8BBF8 /* LIAOLIAO */ = {
			isa = PBXGroup;
			children = (
				37B0AB8A22B8D3E500C8BBF8 /* AppDelegate.swift */,
				37B0AB8C22B8D3E500C8BBF8 /* ViewController.swift */,
				37B0ABA322B9175300C8BBF8 /* RoomsViewController.swift */,
				37B0AB9F22B8E54000C8BBF8 /* FormCell.swift */,
				37DDD19322BA3B5400F8069A /* ChatRoomViewController.swift */,
				37DDD19022BA28B800F8069A /* Models */,
				37B0AB9C22B8D5CA00C8BBF8 /* Resources */,
				37B0AB8E22B8D3E500C8BBF8 /* Main.storyboard */,
				37B0AB9122B8D3E700C8BBF8 /* Assets.xcassets */,
				37B0AB9322B8D3E700C8BBF8 /* LaunchScreen.storyboard */,
				37B0AB9622B8D3E700C8BBF8 /* Info.plist */,
			);
			path = LIAOLIAO;
			sourceTree = "<group>";
		};
		37B0AB9C22B8D5CA00C8BBF8 /* Resources */ = {
			isa = PBXGroup;
			children = (
				37DDD19B22BA505C00F8069A /* back.png */,
				37B0ABA122B8F5A300C8BBF8 /* GoogleService-Info.plist */,
				37DDD19722BA40E800F8069A /* SendIcon.png */,
				37B0AB9D22B8D6ED00C8BBF8 /* chatimage1.png */,
			);
			path = Resources;
			sourceTree = "<group>";
		};
		37DDD19022BA28B800F8069A /* Models */ = {
			isa = PBXGroup;
			children = (
				37DDD19122BA291A00F8069A /* Room.swift */,
			);
			path = Models;
			sourceTree = "<group>";
		};
		5859EE3F087DFB62887A3CDE /* Pods */ = {
			isa = PBXGroup;
			children = (
				0275472BF7156D9941D63991 /* Pods-LIAOLIAO.debug.xcconfig */,
				EF87F0749287865BD8C9C0AA /* Pods-LIAOLIAO.release.xcconfig */,
			);
			path = Pods;
			sourceTree = "<group>";
		};
		6D7B0D68DB54709A91B74370 /* Frameworks */ = {
			isa = PBXGroup;
			children = (
				A0886E03298D2C0117279080 /* Pods_LIAOLIAO.framework */,
			);
			name = Frameworks;
			sourceTree = "<group>";
		};
/* End PBXGroup section */

/* Begin PBXNativeTarget section */
		37B0AB8622B8D3E500C8BBF8 /* LIAOLIAO */ = {
			isa = PBXNativeTarget;
			buildConfigurationList = 37B0AB9922B8D3E700C8BBF8 /* Build configuration list for PBXNativeTarget "LIAOLIAO" */;
			buildPhases = (
				95E0CEB8B0137273060F7922 /* [CP] Check Pods Manifest.lock */,
				37B0AB8322B8D3E500C8BBF8 /* Sources */,
				37B0AB8422B8D3E500C8BBF8 /* Frameworks */,
				37B0AB8522B8D3E500C8BBF8 /* Resources */,
				625983FD16DFCEE11699DA68 /* [CP] Embed Pods Frameworks */,
			);
			buildRules = (
			);
			dependencies = (
			);
			name = LIAOLIAO;
			productName = LIAOLIAO;
			productReference = 37B0AB8722B8D3E500C8BBF8 /* LIAOLIAO.app */;
			productType = "com.apple.product-type.application";
		};
/* End PBXNativeTarget section */

/* Begin PBXProject section */
		37B0AB7F22B8D3E500C8BBF8 /* Project object */ = {
			isa = PBXProject;
			attributes = {
				LastSwiftUpdateCheck = 1020;
				LastUpgradeCheck = 1020;
				ORGANIZATIONNAME = heboning;
				TargetAttributes = {
					37B0AB8622B8D3E500C8BBF8 = {
						CreatedOnToolsVersion = 10.2;
					};
				};
			};
			buildConfigurationList = 37B0AB8222B8D3E500C8BBF8 /* Build configuration list for PBXProject "LIAOLIAO" */;
			compatibilityVersion = "Xcode 9.3";
			developmentRegion = en;
			hasScannedForEncodings = 0;
			knownRegions = (
				en,
				Base,
			);
			mainGroup = 37B0AB7E22B8D3E500C8BBF8;
			productRefGroup = 37B0AB8822B8D3E500C8BBF8 /* Products */;
			projectDirPath = "";
			projectRoot = "";
			targets = (
				37B0AB8622B8D3E500C8BBF8 /* LIAOLIAO */,
			);
		};
/* End PBXProject section */

/* Begin PBXResourcesBuildPhase section */
		37B0AB8522B8D3E500C8BBF8 /* Resources */ = {
			isa = PBXResourcesBuildPhase;
			buildActionMask = 2147483647;
			files = (
				37DDD19C22BA505C00F8069A /* back.png in Resources */,
				37B0AB9522B8D3E700C8BBF8 /* LaunchScreen.storyboard in Resources */,
				37DDD19822BA40E800F8069A /* SendIcon.png in Resources */,
				37B0AB9E22B8D6ED00C8BBF8 /* chatimage1.png in Resources */,
				37B0ABA222B8F5A300C8BBF8 /* GoogleService-Info.plist in Resources */,
				37B0AB9222B8D3E700C8BBF8 /* Assets.xcassets in Resources */,
				37B0AB9022B8D3E500C8BBF8 /* Main.storyboard in Resources */,
			);
			runOnlyForDeploymentPostprocessing = 0;
		};
/* End PBXResourcesBuildPhase section */

/* Begin PBXShellScriptBuildPhase section */
		625983FD16DFCEE11699DA68 /* [CP] Embed Pods Frameworks */ = {
			isa = PBXShellScriptBuildPhase;
			buildActionMask = 2147483647;
			files = (
			);
			inputFileListPaths = (
				"${PODS_ROOT}/Target Support Files/Pods-LIAOLIAO/Pods-LIAOLIAO-frameworks-${CONFIGURATION}-input-files.xcfilelist",
			);
			name = "[CP] Embed Pods Frameworks";
			outputFileListPaths = (
				"${PODS_ROOT}/Target Support Files/Pods-LIAOLIAO/Pods-LIAOLIAO-frameworks-${CONFIGURATION}-output-files.xcfilelist",
			);
			runOnlyForDeploymentPostprocessing = 0;
			shellPath = /bin/sh;
			shellScript = "\"${PODS_ROOT}/Target Support Files/Pods-LIAOLIAO/Pods-LIAOLIAO-frameworks.sh\"\n";
			showEnvVarsInLog = 0;
		};
		95E0CEB8B0137273060F7922 /* [CP] Check Pods Manifest.lock */ = {
			isa = PBXShellScriptBuildPhase;
			buildActionMask = 2147483647;
			files = (
			);
			inputFileListPaths = (
			);
			inputPaths = (
				"${PODS_PODFILE_DIR_PATH}/Podfile.lock",
				"${PODS_ROOT}/Manifest.lock",
			);
			name = "[CP] Check Pods Manifest.lock";
			outputFileListPaths = (
			);
			outputPaths = (
				"$(DERIVED_FILE_DIR)/Pods-LIAOLIAO-checkManifestLockResult.txt",
			);
			runOnlyForDeploymentPostprocessing = 0;
			shellPath = /bin/sh;
			shellScript = "diff \"${PODS_PODFILE_DIR_PATH}/Podfile.lock\" \"${PODS_ROOT}/Manifest.lock\" > /dev/null\nif [ $? != 0 ] ; then\n    # print error to STDERR\n    echo \"error: The sandbox is not in sync with the Podfile.lock. Run 'pod install' or update your CocoaPods installation.\" >&2\n    exit 1\nfi\n# This output is used by Xcode 'outputs' to avoid re-running this script phase.\necho \"SUCCESS\" > \"${SCRIPT_OUTPUT_FILE_0}\"\n";
			showEnvVarsInLog = 0;
		};
/* End PBXShellScriptBuildPhase section */

/* Begin PBXSourcesBuildPhase section */
		37B0AB8322B8D3E500C8BBF8 /* Sources */ = {
			isa = PBXSourcesBuildPhase;
			buildActionMask = 2147483647;
			files = (
				37B0AB8D22B8D3E500C8BBF8 /* ViewController.swift in Sources */,
				37B0ABA022B8E54000C8BBF8 /* FormCell.swift in Sources */,
				37B0AB8B22B8D3E500C8BBF8 /* AppDelegate.swift in Sources */,
				37B0ABA422B9175300C8BBF8 /* RoomsViewController.swift in Sources */,
				37DDD19222BA291A00F8069A /* Room.swift in Sources */,
				37DDD19422BA3B5400F8069A /* ChatRoomViewController.swift in Sources */,
			);
			runOnlyForDeploymentPostprocessing = 0;
		};
/* End PBXSourcesBuildPhase section */

/* Begin PBXVariantGroup section */
		37B0AB8E22B8D3E500C8BBF8 /* Main.storyboard */ = {
			isa = PBXVariantGroup;
			children = (
				37B0AB8F22B8D3E500C8BBF8 /* Base */,
			);
			name = Main.storyboard;
			sourceTree = "<group>";
		};
		37B0AB9322B8D3E700C8BBF8 /* LaunchScreen.storyboard */ = {
			isa = PBXVariantGroup;
			children = (
				37B0AB9422B8D3E700C8BBF8 /* Base */,
			);
			name = LaunchScreen.storyboard;
			sourceTree = "<group>";
		};
/* End PBXVariantGroup section */

/* Begin XCBuildConfiguration section */
		37B0AB9722B8D3E700C8BBF8 /* Debug */ = {
			isa = XCBuildConfiguration;
			buildSettings = {
				ALWAYS_SEARCH_USER_PATHS = NO;
				CLANG_ANALYZER_NONNULL = YES;
				CLANG_ANALYZER_NUMBER_OBJECT_CONVERSION = YES_AGGRESSIVE;
				CLANG_CXX_LANGUAGE_STANDARD = "gnu++14";
				CLANG_CXX_LIBRARY = "libc++";
				CLANG_ENABLE_MODULES = YES;
				CLANG_ENABLE_OBJC_ARC = YES;
				CLANG_ENABLE_OBJC_WEAK = YES;
				CLANG_WARN_BLOCK_CAPTURE_AUTORELEASING = YES;
				CLANG_WARN_BOOL_CONVERSION = YES;
				CLANG_WARN_COMMA = YES;
				CLANG_WARN_CONSTANT_CONVERSION = YES;
				CLANG_WARN_DEPRECATED_OBJC_IMPLEMENTATIONS = YES;
				CLANG_WARN_DIRECT_OBJC_ISA_USAGE = YES_ERROR;
				CLANG_WARN_DOCUMENTATION_COMMENTS = YES;
				CLANG_WARN_EMPTY_BODY = YES;
				CLANG_WARN_ENUM_CONVERSION = YES;
				CLANG_WARN_INFINITE_RECURSION = YES;
				CLANG_WARN_INT_CONVERSION = YES;
				CLANG_WARN_NON_LITERAL_NULL_CONVERSION = YES;
				CLANG_WARN_OBJC_IMPLICIT_RETAIN_SELF = YES;
				CLANG_WARN_OBJC_LITERAL_CONVERSION = YES;
				CLANG_WARN_OBJC_ROOT_CLASS = YES_ERROR;
				CLANG_WARN_RANGE_LOOP_ANALYSIS = YES;
				CLANG_WARN_STRICT_PROTOTYPES = YES;
				CLANG_WARN_SUSPICIOUS_MOVE = YES;
				CLANG_WARN_UNGUARDED_AVAILABILITY = YES_AGGRESSIVE;
				CLANG_WARN_UNREACHABLE_CODE = YES;
				CLANG_WARN__DUPLICATE_METHOD_MATCH = YES;
				CODE_SIGN_IDENTITY = "iPhone Developer";
				COPY_PHASE_STRIP = NO;
				DEBUG_INFORMATION_FORMAT = dwarf;
				ENABLE_STRICT_OBJC_MSGSEND = YES;
				ENABLE_TESTABILITY = YES;
				GCC_C_LANGUAGE_STANDARD = gnu11;
				GCC_DYNAMIC_NO_PIC = NO;
				GCC_NO_COMMON_BLOCKS = YES;
				GCC_OPTIMIZATION_LEVEL = 0;
				GCC_PREPROCESSOR_DEFINITIONS = (
					"DEBUG=1",
					"$(inherited)",
				);
				GCC_WARN_64_TO_32_BIT_CONVERSION = YES;
				GCC_WARN_ABOUT_RETURN_TYPE = YES_ERROR;
				GCC_WARN_UNDECLARED_SELECTOR = YES;
				GCC_WARN_UNINITIALIZED_AUTOS = YES_AGGRESSIVE;
				GCC_WARN_UNUSED_FUNCTION = YES;
				GCC_WARN_UNUSED_VARIABLE = YES;
				IPHONEOS_DEPLOYMENT_TARGET = 12.2;
				MTL_ENABLE_DEBUG_INFO = INCLUDE_SOURCE;
				MTL_FAST_MATH = YES;
				ONLY_ACTIVE_ARCH = YES;
				SDKROOT = iphoneos;
				SWIFT_ACTIVE_COMPILATION_CONDITIONS = DEBUG;
				SWIFT_OPTIMIZATION_LEVEL = "-Onone";
			};
			name = Debug;
		};
		37B0AB9822B8D3E700C8BBF8 /* Release */ = {
			isa = XCBuildConfiguration;
			buildSettings = {
				ALWAYS_SEARCH_USER_PATHS = NO;
				CLANG_ANALYZER_NONNULL = YES;
				CLANG_ANALYZER_NUMBER_OBJECT_CONVERSION = YES_AGGRESSIVE;
				CLANG_CXX_LANGUAGE_STANDARD = "gnu++14";
				CLANG_CXX_LIBRARY = "libc++";
				CLANG_ENABLE_MODULES = YES;
				CLANG_ENABLE_OBJC_ARC = YES;
				CLANG_ENABLE_OBJC_WEAK = YES;
				CLANG_WARN_BLOCK_CAPTURE_AUTORELEASING = YES;
				CLANG_WARN_BOOL_CONVERSION = YES;
				CLANG_WARN_COMMA = YES;
				CLANG_WARN_CONSTANT_CONVERSION = YES;
				CLANG_WARN_DEPRECATED_OBJC_IMPLEMENTATIONS = YES;
				CLANG_WARN_DIRECT_OBJC_ISA_USAGE = YES_ERROR;
				CLANG_WARN_DOCUMENTATION_COMMENTS = YES;
				CLANG_WARN_EMPTY_BODY = YES;
				CLANG_WARN_ENUM_CONVERSION = YES;
				CLANG_WARN_INFINITE_RECURSION = YES;
				CLANG_WARN_INT_CONVERSION = YES;
				CLANG_WARN_NON_LITERAL_NULL_CONVERSION = YES;
				CLANG_WARN_OBJC_IMPLICIT_RETAIN_SELF = YES;
				CLANG_WARN_OBJC_LITERAL_CONVERSION = YES;
				CLANG_WARN_OBJC_ROOT_CLASS = YES_ERROR;
				CLANG_WARN_RANGE_LOOP_ANALYSIS = YES;
				CLANG_WARN_STRICT_PROTOTYPES = YES;
				CLANG_WARN_SUSPICIOUS_MOVE = YES;
				CLANG_WARN_UNGUARDED_AVAILABILITY = YES_AGGRESSIVE;
				CLANG_WARN_UNREACHABLE_CODE = YES;
				CLANG_WARN__DUPLICATE_METHOD_MATCH = YES;
				CODE_SIGN_IDENTITY = "iPhone Developer";
				COPY_PHASE_STRIP = NO;
				DEBUG_INFORMATION_FORMAT = "dwarf-with-dsym";
				ENABLE_NS_ASSERTIONS = NO;
				ENABLE_STRICT_OBJC_MSGSEND = YES;
				GCC_C_LANGUAGE_STANDARD = gnu11;
				GCC_NO_COMMON_BLOCKS = YES;
				GCC_WARN_64_TO_32_BIT_CONVERSION = YES;
				GCC_WARN_ABOUT_RETURN_TYPE = YES_ERROR;
				GCC_WARN_UNDECLARED_SELECTOR = YES;
				GCC_WARN_UNINITIALIZED_AUTOS = YES_AGGRESSIVE;
				GCC_WARN_UNUSED_FUNCTION = YES;
				GCC_WARN_UNUSED_VARIABLE = YES;
				IPHONEOS_DEPLOYMENT_TARGET = 12.2;
				MTL_ENABLE_DEBUG_INFO = NO;
				MTL_FAST_MATH = YES;
				SDKROOT = iphoneos;
				SWIFT_COMPILATION_MODE = wholemodule;
				SWIFT_OPTIMIZATION_LEVEL = "-O";
				VALIDATE_PRODUCT = YES;
			};
			name = Release;
		};
		37B0AB9A22B8D3E700C8BBF8 /* Debug */ = {
			isa = XCBuildConfiguration;
			baseConfigurationReference = 0275472BF7156D9941D63991 /* Pods-LIAOLIAO.debug.xcconfig */;
			buildSettings = {
				ASSETCATALOG_COMPILER_APPICON_NAME = AppIcon;
				CODE_SIGN_STYLE = Automatic;
				DEVELOPMENT_TEAM = P3UMT75X37;
				INFOPLIST_FILE = LIAOLIAO/Info.plist;
				LD_RUNPATH_SEARCH_PATHS = (
					"$(inherited)",
					"@executable_path/Frameworks",
				);
				PRODUCT_BUNDLE_IDENTIFIER = com.heboning129301239123729635224.LIAOLIAO;
				PRODUCT_NAME = "$(TARGET_NAME)";
				SWIFT_VERSION = 5.0;
				TARGETED_DEVICE_FAMILY = "1,2";
			};
			name = Debug;
		};
		37B0AB9B22B8D3E700C8BBF8 /* Release */ = {
			isa = XCBuildConfiguration;
			baseConfigurationReference = EF87F0749287865BD8C9C0AA /* Pods-LIAOLIAO.release.xcconfig */;
			buildSettings = {
				ASSETCATALOG_COMPILER_APPICON_NAME = AppIcon;
				CODE_SIGN_STYLE = Automatic;
				DEVELOPMENT_TEAM = P3UMT75X37;
				INFOPLIST_FILE = LIAOLIAO/Info.plist;
				LD_RUNPATH_SEARCH_PATHS = (
					"$(inherited)",
					"@executable_path/Frameworks",
				);
				PRODUCT_BUNDLE_IDENTIFIER = com.heboning129301239123729635224.LIAOLIAO;
				PRODUCT_NAME = "$(TARGET_NAME)";
				SWIFT_VERSION = 5.0;
				TARGETED_DEVICE_FAMILY = "1,2";
			};
			name = Release;
		};
/* End XCBuildConfiguration section */

/* Begin XCConfigurationList section */
		37B0AB8222B8D3E500C8BBF8 /* Build configuration list for PBXProject "LIAOLIAO" */ = {
			isa = XCConfigurationList;
			buildConfigurations = (
				37B0AB9722B8D3E700C8BBF8 /* Debug */,
				37B0AB9822B8D3E700C8BBF8 /* Release */,
			);
			defaultConfigurationIsVisible = 0;
			defaultConfigurationName = Release;
		};
		37B0AB9922B8D3E700C8BBF8 /* Build configuration list for PBXNativeTarget "LIAOLIAO" */ = {
			isa = XCConfigurationList;
			buildConfigurations = (
				37B0AB9A22B8D3E700C8BBF8 /* Debug */,
				37B0AB9B22B8D3E700C8BBF8 /* Release */,
			);
			defaultConfigurationIsVisible = 0;
			defaultConfigurationName = Release;
		};
/* End XCConfigurationList section */
	};
	rootObject = 37B0AB7F22B8D3E500C8BBF8 /* Project object */;
}
